
Microsoft Visual Studio Solution File, Format Version 12.00
# Visual Studio Version 16
VisualStudioVersion = 16.0.31410.357
MinimumVisualStudioVersion = 10.0.40219.1
Project("{8BC9CEB8-8B4A-11D0-8D11-00A0C91BC942}") = "SmartPointerTest", "SmartPointerTest\SmartPointerTest.vcxproj", "{25C5F191-FBBF-470F-B9CA-6910F9557DCD}"
EndProject
Global
	GlobalSection(SolutionConfigurationPlatforms) = preSolution
		Debug|x64 = Debug|x64
		Debug|x86 = Debug|x86
		Release|x64 = Release|x64
		Release|x86 = Release|x86
	EndGlobalSection
	GlobalSection(ProjectConfigurationPlatforms) = postSolution
		{25C5F191-FBBF-470F-B9CA-6910F9557DCD}.Debug|x64.ActiveCfg = Debug|x64
		{25C5F191-FBBF-470F-B9CA-6910F9557DCD}.Debug|x64.Build.0 = Debug|x64
		{25C5F191-FBBF-470F-B9CA-6910F9557DCD}.Debug|x86.ActiveCfg = Debug|Win32
		{25C5F191-FBBF-470F-B9CA-6910F9557DCD}.Debug|x86.Build.0 = Debug|Win32
		{25C5F191-FBBF-470F-B9CA-6910F9557DCD}.Release|x64.ActiveCfg = Release|x64
		{25C5F191-FBBF-470F-B9CA-6910F9557DCD}.Release|x64.Build.0 = Release|x64
		{25C5F191-FBBF-470F-B9CA-6910F9557DCD}.Release|x86.ActiveCfg = Release|Win32
		{25C5F191-FBBF-470F-B9CA-6910F9557DCD}.Release|x86.Build.0 = Release|Win32
	EndGlobalSection
	GlobalSection(SolutionProperties) = preSolution
		HideSolutionNode = FALSE
	EndGlobalSection
	GlobalSection(ExtensibilityGlobals) = postSolution
		SolutionGuid = {40A2D426-2693-462D-873F-4FE60FA7E489}
	EndGlobalSection
EndGlobal
